
Microsoft Visual Studio Solution File, Format Version 12.00
# Visual Studio 15
VisualStudioVersion = 15.0.26430.14
MinimumVisualStudioVersion = 10.0.40219.1
Project("{8BC9CEB8-8B4A-11D0-8D11-00A0C91BC942}") = "Sandbox", "Sandbox\Sandbox.vcxproj", "{3BAF7B14-1D1A-475A-8120-62443AE096FF}"
EndProject
Project("{8BC9CEB8-8B4A-11D0-8D11-00A0C91BC942}") = "Hazel", "Hazel\Hazel.vcxproj", "{C3E91F71-559F-42BA-8CEA-85CE1FCADAB3}"
EndProject
Global
	GlobalSection(SolutionConfigurationPlatforms) = preSolution
		Debug|x64 = Debug|x64
		Release|x64 = Release|x64
	EndGlobalSection
	GlobalSection(ProjectConfigurationPlatforms) = postSolution
		{C3E91F71-559F-42BA-8CEA-85CE1FCADAB3}.Debug|x64.ActiveCfg = Debug|x64
		{C3E91F71-559F-42BA-8CEA-85CE1FCADAB3}.Debug|x64.Build.0 = Debug|x64
		{C3E91F71-559F-42BA-8CEA-85CE1FCADAB3}.Release|x64.ActiveCfg = Release|x64
		{C3E91F71-559F-42BA-8CEA-85CE1FCADAB3}.Release|x64.Build.0 = Release|x64
		{3BAF7B14-1D1A-475A-8120-62443AE096FF}.Debug|x64.ActiveCfg = Debug|x64
		{3BAF7B14-1D1A-475A-8120-62443AE096FF}.Debug|x64.Build.0 = Debug|x64
		{3BAF7B14-1D1A-475A-8120-62443AE096FF}.Release|x64.ActiveCfg = Release|x64
		{3BAF7B14-1D1A-475A-8120-62443AE096FF}.Release|x64.Build.0 = Release|x64
	EndGlobalSection
	GlobalSection(SolutionProperties) = preSolution
		HideSolutionNode = FALSE
	EndGlobalSection
EndGlobal
